<Solution>
  <Project Path="TaskPlanning.csproj" />
  <Project Path="TaskPlanning.Tests.csproj" />
  <Project Path="Mapf.Editor.csproj" />
  <Project Path="Mapf.Runtime.csproj" />
  <Project Path="Mapf.Tests.csproj" />
  <Project Path="TaskPlanning.Editor.csproj" />
  <Project Path="Assembly-CSharp.csproj" />
</Solution>
